// !$*UTF8*$!
{
	archiveVersion = 1;
	classes = {
	};
	objectVersion = 56;
	objects = {

/* Begin PBXBuildFile section */
		4DE9C7302A51EFF90029137C /* Little_Lemon_Final_ProjectApp.swift in Sources */ = {isa = PBXBuildFile; fileRef = 4DE9C72F2A51EFF90029137C /* Little_Lemon_Final_ProjectApp.swift */; };
		4DE9C7342A51EFFA0029137C /* Assets.xcassets in Resources */ = {isa = PBXBuildFile; fileRef = 4DE9C7332A51EFFA0029137C /* Assets.xcassets */; };
		4DE9C7372A51EFFA0029137C /* Preview Assets.xcassets in Resources */ = {isa = PBXBuildFile; fileRef = 4DE9C7362A51EFFA0029137C /* Preview Assets.xcassets */; };
		4DE9C73E2A51F3FD0029137C /* Onboarding.swift in Sources */ = {isa = PBXBuildFile; fileRef = 4DE9C73D2A51F3FD0029137C /* Onboarding.swift */; };
		4DE9C7402A51F9210029137C /* Home.swift in Sources */ = {isa = PBXBuildFile; fileRef = 4DE9C73F2A51F9210029137C /* Home.swift */; };
		4DE9C7422A51F9AA0029137C /* Menu.swift in Sources */ = {isa = PBXBuildFile; fileRef = 4DE9C7412A51F9AA0029137C /* Menu.swift */; };
		4DE9C7442A51FF040029137C /* UserProfile.swift in Sources */ = {isa = PBXBuildFile; fileRef = 4DE9C7432A51FF040029137C /* UserProfile.swift */; };
		4DE9C7472A521F940029137C /* FetchedObjects.swift in Sources */ = {isa = PBXBuildFile; fileRef = 4DE9C7452A521F940029137C /* FetchedObjects.swift */; };
		4DE9C7482A521F940029137C /* Persistence.swift in Sources */ = {isa = PBXBuildFile; fileRef = 4DE9C7462A521F940029137C /* Persistence.swift */; };
		4DE9C74D2A52212F0029137C /* MenuList.swift in Sources */ = {isa = PBXBuildFile; fileRef = 4DE9C74C2A52212F0029137C /* MenuList.swift */; };
		4DE9C74F2A5221370029137C /* MenuItem.swift in Sources */ = {isa = PBXBuildFile; fileRef = 4DE9C74E2A5221370029137C /* MenuItem.swift */; };
		4DE9C7522A523BB60029137C /* ExampleDatabase.xcdatamodeld in Sources */ = {isa = PBXBuildFile; fileRef = 4DE9C7502A523BB60029137C /* ExampleDatabase.xcdatamodeld */; };
		4DE9C7582A54E15B0029137C /* Extensions.swift in Sources */ = {isa = PBXBuildFile; fileRef = 4DE9C7572A54E15B0029137C /* Extensions.swift */; };
/* End PBXBuildFile section */

/* Begin PBXFileReference section */
		4DE9C72C2A51EFF90029137C /* Little Lemon Final Project.app */ = {isa = PBXFileReference; explicitFileType = wrapper.application; includeInIndex = 0; path = "Little Lemon Final Project.app"; sourceTree = BUILT_PRODUCTS_DIR; };
		4DE9C72F2A51EFF90029137C /* Little_Lemon_Final_ProjectApp.swift */ = {isa = PBXFileReference; lastKnownFileType = sourcecode.swift; path = Little_Lemon_Final_ProjectApp.swift; sourceTree = "<group>"; };
		4DE9C7332A51EFFA0029137C /* Assets.xcassets */ = {isa = PBXFileReference; lastKnownFileType = folder.assetcatalog; path = Assets.xcassets; sourceTree = "<group>"; };
		4DE9C7362A51EFFA0029137C /* Preview Assets.xcassets */ = {isa = PBXFileReference; lastKnownFileType = folder.assetcatalog; path = "Preview Assets.xcassets"; sourceTree = "<group>"; };
		4DE9C73D2A51F3FD0029137C /* Onboarding.swift */ = {isa = PBXFileReference; lastKnownFileType = sourcecode.swift; path = Onboarding.swift; sourceTree = "<group>"; };
		4DE9C73F2A51F9210029137C /* Home.swift */ = {isa = PBXFileReference; lastKnownFileType = sourcecode.swift; path = Home.swift; sourceTree = "<group>"; };
		4DE9C7412A51F9AA0029137C /* Menu.swift */ = {isa = PBXFileReference; lastKnownFileType = sourcecode.swift; path = Menu.swift; sourceTree = "<group>"; };
		4DE9C7432A51FF040029137C /* UserProfile.swift */ = {isa = PBXFileReference; lastKnownFileType = sourcecode.swift; path = UserProfile.swift; sourceTree = "<group>"; };
		4DE9C7452A521F940029137C /* FetchedObjects.swift */ = {isa = PBXFileReference; fileEncoding = 4; lastKnownFileType = sourcecode.swift; path = FetchedObjects.swift; sourceTree = "<group>"; };
		4DE9C7462A521F940029137C /* Persistence.swift */ = {isa = PBXFileReference; fileEncoding = 4; lastKnownFileType = sourcecode.swift; path = Persistence.swift; sourceTree = "<group>"; };
		4DE9C74C2A52212F0029137C /* MenuList.swift */ = {isa = PBXFileReference; lastKnownFileType = sourcecode.swift; path = MenuList.swift; sourceTree = "<group>"; };
		4DE9C74E2A5221370029137C /* MenuItem.swift */ = {isa = PBXFileReference; lastKnownFileType = sourcecode.swift; path = MenuItem.swift; sourceTree = "<group>"; };
		4DE9C7512A523BB60029137C /* ExampleDatabase.xcdatamodel */ = {isa = PBXFileReference; lastKnownFileType = wrapper.xcdatamodel; path = ExampleDatabase.xcdatamodel; sourceTree = "<group>"; };
		4DE9C7572A54E15B0029137C /* Extensions.swift */ = {isa = PBXFileReference; lastKnownFileType = sourcecode.swift; path = Extensions.swift; sourceTree = "<group>"; };
/* End PBXFileReference section */

/* Begin PBXFrameworksBuildPhase section */
		4DE9C7292A51EFF90029137C /* Frameworks */ = {
			isa = PBXFrameworksBuildPhase;
			buildActionMask = 2147483647;
			files = (
			);
			runOnlyForDeploymentPostprocessing = 0;
		};
/* End PBXFrameworksBuildPhase section */

/* Begin PBXGroup section */
		4DE9C7232A51EFF90029137C = {
			isa = PBXGroup;
			children = (
				4DE9C72E2A51EFF90029137C /* Little Lemon Final Project */,
				4DE9C72D2A51EFF90029137C /* Products */,
			);
			sourceTree = "<group>";
		};
		4DE9C72D2A51EFF90029137C /* Products */ = {
			isa = PBXGroup;
			children = (
				4DE9C72C2A51EFF90029137C /* Little Lemon Final Project.app */,
			);
			name = Products;
			sourceTree = "<group>";
		};
		4DE9C72E2A51EFF90029137C /* Little Lemon Final Project */ = {
			isa = PBXGroup;
			children = (
				4DE9C74B2A52209A0029137C /* Model */,
				4DE9C74A2A5220240029137C /* View */,
				4DE9C72F2A51EFF90029137C /* Little_Lemon_Final_ProjectApp.swift */,
				4DE9C7332A51EFFA0029137C /* Assets.xcassets */,
				4DE9C7352A51EFFA0029137C /* Preview Content */,
				4DE9C7502A523BB60029137C /* ExampleDatabase.xcdatamodeld */,
			);
			path = "Little Lemon Final Project";
			sourceTree = "<group>";
		};
		4DE9C7352A51EFFA0029137C /* Preview Content */ = {
			isa = PBXGroup;
			children = (
				4DE9C7362A51EFFA0029137C /* Preview Assets.xcassets */,
			);
			path = "Preview Content";
			sourceTree = "<group>";
		};
		4DE9C74A2A5220240029137C /* View */ = {
			isa = PBXGroup;
			children = (
				4DE9C73D2A51F3FD0029137C /* Onboarding.swift */,
				4DE9C73F2A51F9210029137C /* Home.swift */,
				4DE9C7412A51F9AA0029137C /* Menu.swift */,
				4DE9C7432A51FF040029137C /* UserProfile.swift */,
			);
			path = View;
			sourceTree = "<group>";
		};
		4DE9C74B2A52209A0029137C /* Model */ = {
			isa = PBXGroup;
			children = (
				4DE9C7452A521F940029137C /* FetchedObjects.swift */,
				4DE9C7462A521F940029137C /* Persistence.swift */,
				4DE9C74C2A52212F0029137C /* MenuList.swift */,
				4DE9C74E2A5221370029137C /* MenuItem.swift */,
				4DE9C7572A54E15B0029137C /* Extensions.swift */,
			);
			path = Model;
			sourceTree = "<group>";
		};
/* End PBXGroup section */

/* Begin PBXNativeTarget section */
		4DE9C72B2A51EFF90029137C /* Little Lemon Final Project */ = {
			isa = PBXNativeTarget;
			buildConfigurationList = 4DE9C73A2A51EFFA0029137C /* Build configuration list for PBXNativeTarget "Little Lemon Final Project" */;
			buildPhases = (
				4DE9C7282A51EFF90029137C /* Sources */,
				4DE9C7292A51EFF90029137C /* Frameworks */,
				4DE9C72A2A51EFF90029137C /* Resources */,
			);
			buildRules = (
			);
			dependencies = (
			);
			name = "Little Lemon Final Project";
			productName = "Little Lemon Final Project";
			productReference = 4DE9C72C2A51EFF90029137C /* Little Lemon Final Project.app */;
			productType = "com.apple.product-type.application";
		};
/* End PBXNativeTarget section */

/* Begin PBXProject section */
		4DE9C7242A51EFF90029137C /* Project object */ = {
			isa = PBXProject;
			attributes = {
				BuildIndependentTargetsInParallel = 1;
				LastSwiftUpdateCheck = 1430;
				LastUpgradeCheck = 1430;
				TargetAttributes = {
					4DE9C72B2A51EFF90029137C = {
						CreatedOnToolsVersion = 14.3.1;
					};
				};
			};
			buildConfigurationList = 4DE9C7272A51EFF90029137C /* Build configuration list for PBXProject "Little Lemon Final Project" */;
			compatibilityVersion = "Xcode 14.0";
			developmentRegion = en;
			hasScannedForEncodings = 0;
			knownRegions = (
				en,
				Base,
			);
			mainGroup = 4DE9C7232A51EFF90029137C;
			productRefGroup = 4DE9C72D2A51EFF90029137C /* Products */;
			projectDirPath = "";
			projectRoot = "";
			targets = (
				4DE9C72B2A51EFF90029137C /* Little Lemon Final Project */,
			);
		};
/* End PBXProject section */

/* Begin PBXResourcesBuildPhase section */
		4DE9C72A2A51EFF90029137C /* Resources */ = {
			isa = PBXResourcesBuildPhase;
			buildActionMask = 2147483647;
			files = (
				4DE9C7372A51EFFA0029137C /* Preview Assets.xcassets in Resources */,
				4DE9C7342A51EFFA0029137C /* Assets.xcassets in Resources */,
			);
			runOnlyForDeploymentPostprocessing = 0;
		};
/* End PBXResourcesBuildPhase section */

/* Begin PBXSourcesBuildPhase section */
		4DE9C7282A51EFF90029137C /* Sources */ = {
			isa = PBXSourcesBuildPhase;
			buildActionMask = 2147483647;
			files = (
				4DE9C73E2A51F3FD0029137C /* Onboarding.swift in Sources */,
				4DE9C7402A51F9210029137C /* Home.swift in Sources */,
				4DE9C74D2A52212F0029137C /* MenuList.swift in Sources */,
				4DE9C7472A521F940029137C /* FetchedObjects.swift in Sources */,
				4DE9C7482A521F940029137C /* Persistence.swift in Sources */,
				4DE9C7522A523BB60029137C /* ExampleDatabase.xcdatamodeld in Sources */,
				4DE9C7442A51FF040029137C /* UserProfile.swift in Sources */,
				4DE9C74F2A5221370029137C /* MenuItem.swift in Sources */,
				4DE9C7422A51F9AA0029137C /* Menu.swift in Sources */,
				4DE9C7582A54E15B0029137C /* Extensions.swift in Sources */,
				4DE9C7302A51EFF90029137C /* Little_Lemon_Final_ProjectApp.swift in Sources */,
			);
			runOnlyForDeploymentPostprocessing = 0;
		};
/* End PBXSourcesBuildPhase section */

/* Begin XCBuildConfiguration section */
		4DE9C7382A51EFFA0029137C /* Debug */ = {
			isa = XCBuildConfiguration;
			buildSettings = {
				ALWAYS_SEARCH_USER_PATHS = NO;
				CLANG_ANALYZER_NONNULL = YES;
				CLANG_ANALYZER_NUMBER_OBJECT_CONVERSION = YES_AGGRESSIVE;
				CLANG_CXX_LANGUAGE_STANDARD = "gnu++20";
				CLANG_ENABLE_MODULES = YES;
				CLANG_ENABLE_OBJC_ARC = YES;
				CLANG_ENABLE_OBJC_WEAK = YES;
				CLANG_WARN_BLOCK_CAPTURE_AUTORELEASING = YES;
				CLANG_WARN_BOOL_CONVERSION = YES;
				CLANG_WARN_COMMA = YES;
				CLANG_WARN_CONSTANT_CONVERSION = YES;
				CLANG_WARN_DEPRECATED_OBJC_IMPLEMENTATIONS = YES;
				CLANG_WARN_DIRECT_OBJC_ISA_USAGE = YES_ERROR;
				CLANG_WARN_DOCUMENTATION_COMMENTS = YES;
				CLANG_WARN_EMPTY_BODY = YES;
				CLANG_WARN_ENUM_CONVERSION = YES;
				CLANG_WARN_INFINITE_RECURSION = YES;
				CLANG_WARN_INT_CONVERSION = YES;
				CLANG_WARN_NON_LITERAL_NULL_CONVERSION = YES;
				CLANG_WARN_OBJC_IMPLICIT_RETAIN_SELF = YES;
				CLANG_WARN_OBJC_LITERAL_CONVERSION = YES;
				CLANG_WARN_OBJC_ROOT_CLASS = YES_ERROR;
				CLANG_WARN_QUOTED_INCLUDE_IN_FRAMEWORK_HEADER = YES;
				CLANG_WARN_RANGE_LOOP_ANALYSIS = YES;
				CLANG_WARN_STRICT_PROTOTYPES = YES;
				CLANG_WARN_SUSPICIOUS_MOVE = YES;
				CLANG_WARN_UNGUARDED_AVAILABILITY = YES_AGGRESSIVE;
				CLANG_WARN_UNREACHABLE_CODE = YES;
				CLANG_WARN__DUPLICATE_METHOD_MATCH = YES;
				COPY_PHASE_STRIP = NO;
				DEBUG_INFORMATION_FORMAT = dwarf;
				ENABLE_STRICT_OBJC_MSGSEND = YES;
				ENABLE_TESTABILITY = YES;
				GCC_C_LANGUAGE_STANDARD = gnu11;
				GCC_DYNAMIC_NO_PIC = NO;
				GCC_NO_COMMON_BLOCKS = YES;
				GCC_OPTIMIZATION_LEVEL = 0;
				GCC_PREPROCESSOR_DEFINITIONS = (
					"DEBUG=1",
					"$(inherited)",
				);
				GCC_WARN_64_TO_32_BIT_CONVERSION = YES;
				GCC_WARN_ABOUT_RETURN_TYPE = YES_ERROR;
				GCC_WARN_UNDECLARED_SELECTOR = YES;
				GCC_WARN_UNINITIALIZED_AUTOS = YES_AGGRESSIVE;
				GCC_WARN_UNUSED_FUNCTION = YES;
				GCC_WARN_UNUSED_VARIABLE = YES;
				IPHONEOS_DEPLOYMENT_TARGET = 16.4;
				MTL_ENABLE_DEBUG_INFO = INCLUDE_SOURCE;
				MTL_FAST_MATH = YES;
				ONLY_ACTIVE_ARCH = YES;
				SDKROOT = iphoneos;
				SWIFT_ACTIVE_COMPILATION_CONDITIONS = DEBUG;
				SWIFT_OPTIMIZATION_LEVEL = "-Onone";
			};
			name = Debug;
		};
		4DE9C7392A51EFFA0029137C /* Release */ = {
			isa = XCBuildConfiguration;
			buildSettings = {
				ALWAYS_SEARCH_USER_PATHS = NO;
				CLANG_ANALYZER_NONNULL = YES;
				CLANG_ANALYZER_NUMBER_OBJECT_CONVERSION = YES_AGGRESSIVE;
				CLANG_CXX_LANGUAGE_STANDARD = "gnu++20";
				CLANG_ENABLE_MODULES = YES;
				CLANG_ENABLE_OBJC_ARC = YES;
				CLANG_ENABLE_OBJC_WEAK = YES;
				CLANG_WARN_BLOCK_CAPTURE_AUTORELEASING = YES;
				CLANG_WARN_BOOL_CONVERSION = YES;
				CLANG_WARN_COMMA = YES;
				CLANG_WARN_CONSTANT_CONVERSION = YES;
				CLANG_WARN_DEPRECATED_OBJC_IMPLEMENTATIONS = YES;
				CLANG_WARN_DIRECT_OBJC_ISA_USAGE = YES_ERROR;
				CLANG_WARN_DOCUMENTATION_COMMENTS = YES;
				CLANG_WARN_EMPTY_BODY = YES;
				CLANG_WARN_ENUM_CONVERSION = YES;
				CLANG_WARN_INFINITE_RECURSION = YES;
				CLANG_WARN_INT_CONVERSION = YES;
				CLANG_WARN_NON_LITERAL_NULL_CONVERSION = YES;
				CLANG_WARN_OBJC_IMPLICIT_RETAIN_SELF = YES;
				CLANG_WARN_OBJC_LITERAL_CONVERSION = YES;
				CLANG_WARN_OBJC_ROOT_CLASS = YES_ERROR;
				CLANG_WARN_QUOTED_INCLUDE_IN_FRAMEWORK_HEADER = YES;
				CLANG_WARN_RANGE_LOOP_ANALYSIS = YES;
				CLANG_WARN_STRICT_PROTOTYPES = YES;
				CLANG_WARN_SUSPICIOUS_MOVE = YES;
				CLANG_WARN_UNGUARDED_AVAILABILITY = YES_AGGRESSIVE;
				CLANG_WARN_UNREACHABLE_CODE = YES;
				CLANG_WARN__DUPLICATE_METHOD_MATCH = YES;
				COPY_PHASE_STRIP = NO;
				DEBUG_INFORMATION_FORMAT = "dwarf-with-dsym";
				ENABLE_NS_ASSERTIONS = NO;
				ENABLE_STRICT_OBJC_MSGSEND = YES;
				GCC_C_LANGUAGE_STANDARD = gnu11;
				GCC_NO_COMMON_BLOCKS = YES;
				GCC_WARN_64_TO_32_BIT_CONVERSION = YES;
				GCC_WARN_ABOUT_RETURN_TYPE = YES_ERROR;
				GCC_WARN_UNDECLARED_SELECTOR = YES;
				GCC_WARN_UNINITIALIZED_AUTOS = YES_AGGRESSIVE;
				GCC_WARN_UNUSED_FUNCTION = YES;
				GCC_WARN_UNUSED_VARIABLE = YES;
				IPHONEOS_DEPLOYMENT_TARGET = 16.4;
				MTL_ENABLE_DEBUG_INFO = NO;
				MTL_FAST_MATH = YES;
				SDKROOT = iphoneos;
				SWIFT_COMPILATION_MODE = wholemodule;
				SWIFT_OPTIMIZATION_LEVEL = "-O";
				VALIDATE_PRODUCT = YES;
			};
			name = Release;
		};
		4DE9C73B2A51EFFA0029137C /* Debug */ = {
			isa = XCBuildConfiguration;
			buildSettings = {
				ASSETCATALOG_COMPILER_APPICON_NAME = AppIcon;
				ASSETCATALOG_COMPILER_GLOBAL_ACCENT_COLOR_NAME = AccentColor;
				CODE_SIGN_STYLE = Automatic;
				CURRENT_PROJECT_VERSION = 1;
				DEVELOPMENT_ASSET_PATHS = "\"Little Lemon Final Project/Preview Content\"";
				DEVELOPMENT_TEAM = AMJ42PQPUD;
				ENABLE_PREVIEWS = YES;
				GENERATE_INFOPLIST_FILE = YES;
				INFOPLIST_KEY_UIApplicationSceneManifest_Generation = YES;
				INFOPLIST_KEY_UIApplicationSupportsIndirectInputEvents = YES;
				INFOPLIST_KEY_UILaunchScreen_Generation = YES;
				INFOPLIST_KEY_UISupportedInterfaceOrientations_iPad = "UIInterfaceOrientationPortrait UIInterfaceOrientationPortraitUpsideDown UIInterfaceOrientationLandscapeLeft UIInterfaceOrientationLandscapeRight";
				INFOPLIST_KEY_UISupportedInterfaceOrientations_iPhone = "UIInterfaceOrientationPortrait UIInterfaceOrientationLandscapeLeft UIInterfaceOrientationLandscapeRight";
				LD_RUNPATH_SEARCH_PATHS = (
					"$(inherited)",
					"@executable_path/Frameworks",
				);
				MARKETING_VERSION = 1.0;
				PRODUCT_BUNDLE_IDENTIFIER = "com.donalddang.Little-Lemon-Final-Project";
				PRODUCT_NAME = "$(TARGET_NAME)";
				SWIFT_EMIT_LOC_STRINGS = YES;
				SWIFT_VERSION = 5.0;
				TARGETED_DEVICE_FAMILY = "1,2";
			};
			name = Debug;
		};
		4DE9C73C2A51EFFA0029137C /* Release */ = {
			isa = XCBuildConfiguration;
			buildSettings = {
				ASSETCATALOG_COMPILER_APPICON_NAME = AppIcon;
				ASSETCATALOG_COMPILER_GLOBAL_ACCENT_COLOR_NAME = AccentColor;
				CODE_SIGN_STYLE = Automatic;
				CURRENT_PROJECT_VERSION = 1;
				DEVELOPMENT_ASSET_PATHS = "\"Little Lemon Final Project/Preview Content\"";
				DEVELOPMENT_TEAM = AMJ42PQPUD;
				ENABLE_PREVIEWS = YES;
				GENERATE_INFOPLIST_FILE = YES;
				INFOPLIST_KEY_UIApplicationSceneManifest_Generation = YES;
				INFOPLIST_KEY_UIApplicationSupportsIndirectInputEvents = YES;
				INFOPLIST_KEY_UILaunchScreen_Generation = YES;
				INFOPLIST_KEY_UISupportedInterfaceOrientations_iPad = "UIInterfaceOrientationPortrait UIInterfaceOrientationPortraitUpsideDown UIInterfaceOrientationLandscapeLeft UIInterfaceOrientationLandscapeRight";
				INFOPLIST_KEY_UISupportedInterfaceOrientations_iPhone = "UIInterfaceOrientationPortrait UIInterfaceOrientationLandscapeLeft UIInterfaceOrientationLandscapeRight";
				LD_RUNPATH_SEARCH_PATHS = (
					"$(inherited)",
					"@executable_path/Frameworks",
				);
				MARKETING_VERSION = 1.0;
				PRODUCT_BUNDLE_IDENTIFIER = "com.donalddang.Little-Lemon-Final-Project";
				PRODUCT_NAME = "$(TARGET_NAME)";
				SWIFT_EMIT_LOC_STRINGS = YES;
				SWIFT_VERSION = 5.0;
				TARGETED_DEVICE_FAMILY = "1,2";
			};
			name = Release;
		};
/* End XCBuildConfiguration section */

/* Begin XCConfigurationList section */
		4DE9C7272A51EFF90029137C /* Build configuration list for PBXProject "Little Lemon Final Project" */ = {
			isa = XCConfigurationList;
			buildConfigurations = (
				4DE9C7382A51EFFA0029137C /* Debug */,
				4DE9C7392A51EFFA0029137C /* Release */,
			);
			defaultConfigurationIsVisible = 0;
			defaultConfigurationName = Release;
		};
		4DE9C73A2A51EFFA0029137C /* Build configuration list for PBXNativeTarget "Little Lemon Final Project" */ = {
			isa = XCConfigurationList;
			buildConfigurations = (
				4DE9C73B2A51EFFA0029137C /* Debug */,
				4DE9C73C2A51EFFA0029137C /* Release */,
			);
			defaultConfigurationIsVisible = 0;
			defaultConfigurationName = Release;
		};
/* End XCConfigurationList section */

/* Begin XCVersionGroup section */
		4DE9C7502A523BB60029137C /* ExampleDatabase.xcdatamodeld */ = {
			isa = XCVersionGroup;
			children = (
				4DE9C7512A523BB60029137C /* ExampleDatabase.xcdatamodel */,
			);
			currentVersion = 4DE9C7512A523BB60029137C /* ExampleDatabase.xcdatamodel */;
			path = ExampleDatabase.xcdatamodeld;
			sourceTree = "<group>";
			versionGroupType = wrapper.xcdatamodel;
		};
/* End XCVersionGroup section */
	};
	rootObject = 4DE9C7242A51EFF90029137C /* Project object */;
}
